// !$*UTF8*$!
{
	archiveVersion = 1;
	classes = {
	};
	objectVersion = 46;
	objects = {

/* Begin PBXBuildFile section */
		A435CF601EA8AD99006B9A93 /* AppDelegate.swift in Sources */ = {isa = PBXBuildFile; fileRef = A435CF5F1EA8AD99006B9A93 /* AppDelegate.swift */; };
		A435CF621EA8AD99006B9A93 /* ViewController.swift in Sources */ = {isa = PBXBuildFile; fileRef = A435CF611EA8AD99006B9A93 /* ViewController.swift */; };
		A435CF651EA8AD99006B9A93 /* Main.storyboard in Resources */ = {isa = PBXBuildFile; fileRef = A435CF631EA8AD99006B9A93 /* Main.storyboard */; };
		A435CF671EA8AD99006B9A93 /* Assets.xcassets in Resources */ = {isa = PBXBuildFile; fileRef = A435CF661EA8AD99006B9A93 /* Assets.xcassets */; };
		A435CF6A1EA8AD99006B9A93 /* LaunchScreen.storyboard in Resources */ = {isa = PBXBuildFile; fileRef = A435CF681EA8AD99006B9A93 /* LaunchScreen.storyboard */; };
/* End PBXBuildFile section */

/* Begin PBXFileReference section */
		A435CF5C1EA8AD99006B9A93 /* Woohoo.app */ = {isa = PBXFileReference; explicitFileType = wrapper.application; includeInIndex = 0; path = Woohoo.app; sourceTree = BUILT_PRODUCTS_DIR; };
		A435CF5F1EA8AD99006B9A93 /* AppDelegate.swift */ = {isa = PBXFileReference; lastKnownFileType = sourcecode.swift; path = AppDelegate.swift; sourceTree = "<group>"; };
		A435CF611EA8AD99006B9A93 /* ViewController.swift */ = {isa = PBXFileReference; lastKnownFileType = sourcecode.swift; path = ViewController.swift; sourceTree = "<group>"; };
		A435CF641EA8AD99006B9A93 /* Base */ = {isa = PBXFileReference; lastKnownFileType = file.storyboard; name = Base; path = Base.lproj/Main.storyboard; sourceTree = "<group>"; };
		A435CF661EA8AD99006B9A93 /* Assets.xcassets */ = {isa = PBXFileReference; lastKnownFileType = folder.assetcatalog; path = Assets.xcassets; sourceTree = "<group>"; };
		A435CF691EA8AD99006B9A93 /* Base */ = {isa = PBXFileReference; lastKnownFileType = file.storyboard; name = Base; path = Base.lproj/LaunchScreen.storyboard; sourceTree = "<group>"; };
		A435CF6B1EA8AD99006B9A93 /* Info.plist */ = {isa = PBXFileReference; lastKnownFileType = text.plist.xml; path = Info.plist; sourceTree = "<group>"; };
/* End PBXFileReference section */

/* Begin PBXFrameworksBuildPhase section */
		A435CF591EA8AD99006B9A93 /* Frameworks */ = {
			isa = PBXFrameworksBuildPhase;
			buildActionMask = 2147483647;
			files = (
			);
			runOnlyForDeploymentPostprocessing = 0;
		};
/* End PBXFrameworksBuildPhase section */

/* Begin PBXGroup section */
		A435CF531EA8AD99006B9A93 = {
			isa = PBXGroup;
			children = (
				A435CF5E1EA8AD99006B9A93 /* Woohoo */,
				A435CF5D1EA8AD99006B9A93 /* Products */,
			);
			sourceTree = "<group>";
		};
		A435CF5D1EA8AD99006B9A93 /* Products */ = {
			isa = PBXGroup;
			children = (
				A435CF5C1EA8AD99006B9A93 /* Woohoo.app */,
			);
			name = Products;
			sourceTree = "<group>";
		};
		A435CF5E1EA8AD99006B9A93 /* Woohoo */ = {
			isa = PBXGroup;
			children = (
				A435CF5F1EA8AD99006B9A93 /* AppDelegate.swift */,
				A435CF611EA8AD99006B9A93 /* ViewController.swift */,
				A435CF631EA8AD99006B9A93 /* Main.storyboard */,
				A435CF661EA8AD99006B9A93 /* Assets.xcassets */,
				A435CF681EA8AD99006B9A93 /* LaunchScreen.storyboard */,
				A435CF6B1EA8AD99006B9A93 /* Info.plist */,
			);
			path = Woohoo;
			sourceTree = "<group>";
		};
/* End PBXGroup section */

/* Begin PBXNativeTarget section */
		A435CF5B1EA8AD99006B9A93 /* Woohoo */ = {
			isa = PBXNativeTarget;
			buildConfigurationList = A435CF6E1EA8AD99006B9A93 /* Build configuration list for PBXNativeTarget "Woohoo" */;
			buildPhases = (
				A435CF581EA8AD99006B9A93 /* Sources */,
				A435CF591EA8AD99006B9A93 /* Frameworks */,
				A435CF5A1EA8AD99006B9A93 /* Resources */,
			);
			buildRules = (
			);
			dependencies = (
			);
			name = Woohoo;
			productName = Woohoo;
			productReference = A435CF5C1EA8AD99006B9A93 /* Woohoo.app */;
			productType = "com.apple.product-type.application";
		};
/* End PBXNativeTarget section */

/* Begin PBXProject section */
		A435CF541EA8AD99006B9A93 /* Project object */ = {
			isa = PBXProject;
			attributes = {
				LastSwiftUpdateCheck = 0820;
				LastUpgradeCheck = 0820;
				ORGANIZATIONNAME = "Billy Benson";
				TargetAttributes = {
					A435CF5B1EA8AD99006B9A93 = {
						CreatedOnToolsVersion = 8.2.1;
						ProvisioningStyle = Automatic;
					};
				};
			};
			buildConfigurationList = A435CF571EA8AD99006B9A93 /* Build configuration list for PBXProject "Woohoo" */;
			compatibilityVersion = "Xcode 3.2";
			developmentRegion = English;
			hasScannedForEncodings = 0;
			knownRegions = (
				en,
				Base,
			);
			mainGroup = A435CF531EA8AD99006B9A93;
			productRefGroup = A435CF5D1EA8AD99006B9A93 /* Products */;
			projectDirPath = "";
			projectRoot = "";
			targets = (
				A435CF5B1EA8AD99006B9A93 /* Woohoo */,
			);
		};
/* End PBXProject section */

/* Begin PBXResourcesBuildPhase section */
		A435CF5A1EA8AD99006B9A93 /* Resources */ = {
			isa = PBXResourcesBuildPhase;
			buildActionMask = 2147483647;
			files = (
				A435CF6A1EA8AD99006B9A93 /* LaunchScreen.storyboard in Resources */,
				A435CF671EA8AD99006B9A93 /* Assets.xcassets in Resources */,
				A435CF651EA8AD99006B9A93 /* Main.storyboard in Resources */,
			);
			runOnlyForDeploymentPostprocessing = 0;
		};
/* End PBXResourcesBuildPhase section */

/* Begin PBXSourcesBuildPhase section */
		A435CF581EA8AD99006B9A93 /* Sources */ = {
			isa = PBXSourcesBuildPhase;
			buildActionMask = 2147483647;
			files = (
				A435CF621EA8AD99006B9A93 /* ViewController.swift in Sources */,
				A435CF601EA8AD99006B9A93 /* AppDelegate.swift in Sources */,
			);
			runOnlyForDeploymentPostprocessing = 0;
		};
/* End PBXSourcesBuildPhase section */

/* Begin PBXVariantGroup section */
		A435CF631EA8AD99006B9A93 /* Main.storyboard */ = {
			isa = PBXVariantGroup;
			children = (
				A435CF641EA8AD99006B9A93 /* Base */,
			);
			name = Main.storyboard;
			sourceTree = "<group>";
		};
		A435CF681EA8AD99006B9A93 /* LaunchScreen.storyboard */ = {
			isa = PBXVariantGroup;
			children = (
				A435CF691EA8AD99006B9A93 /* Base */,
			);
			name = LaunchScreen.storyboard;
			sourceTree = "<group>";
		};
/* End PBXVariantGroup section */

/* Begin XCBuildConfiguration section */
		A435CF6C1EA8AD99006B9A93 /* Debug */ = {
			isa = XCBuildConfiguration;
			buildSettings = {
				ALWAYS_SEARCH_USER_PATHS = NO;
				CLANG_ANALYZER_NONNULL = YES;
				CLANG_CXX_LANGUAGE_STANDARD = "gnu++0x";
				CLANG_CXX_LIBRARY = "libc++";
				CLANG_ENABLE_MODULES = YES;
				CLANG_ENABLE_OBJC_ARC = YES;
				CLANG_WARN_BOOL_CONVERSION = YES;
				CLANG_WARN_CONSTANT_CONVERSION = YES;
				CLANG_WARN_DIRECT_OBJC_ISA_USAGE = YES_ERROR;
				CLANG_WARN_DOCUMENTATION_COMMENTS = YES;
				CLANG_WARN_EMPTY_BODY = YES;
				CLANG_WARN_ENUM_CONVERSION = YES;
				CLANG_WARN_INFINITE_RECURSION = YES;
				CLANG_WARN_INT_CONVERSION = YES;
				CLANG_WARN_OBJC_ROOT_CLASS = YES_ERROR;
				CLANG_WARN_SUSPICIOUS_MOVE = YES;
				CLANG_WARN_UNREACHABLE_CODE = YES;
				CLANG_WARN__DUPLICATE_METHOD_MATCH = YES;
				"CODE_SIGN_IDENTITY[sdk=iphoneos*]" = "iPhone Developer";
				COPY_PHASE_STRIP = NO;
				DEBUG_INFORMATION_FORMAT = dwarf;
				ENABLE_STRICT_OBJC_MSGSEND = YES;
				ENABLE_TESTABILITY = YES;
				GCC_C_LANGUAGE_STANDARD = gnu99;
				GCC_DYNAMIC_NO_PIC = NO;
				GCC_NO_COMMON_BLOCKS = YES;
				GCC_OPTIMIZATION_LEVEL = 0;
				GCC_PREPROCESSOR_DEFINITIONS = (
					"DEBUG=1",
					"$(inherited)",
				);
				GCC_WARN_64_TO_32_BIT_CONVERSION = YES;
				GCC_WARN_ABOUT_RETURN_TYPE = YES_ERROR;
				GCC_WARN_UNDECLARED_SELECTOR = YES;
				GCC_WARN_UNINITIALIZED_AUTOS = YES_AGGRESSIVE;
				GCC_WARN_UNUSED_FUNCTION = YES;
				GCC_WARN_UNUSED_VARIABLE = YES;
				IPHONEOS_DEPLOYMENT_TARGET = 10.2;
				MTL_ENABLE_DEBUG_INFO = YES;
				ONLY_ACTIVE_ARCH = YES;
				SDKROOT = iphoneos;
				SWIFT_ACTIVE_COMPILATION_CONDITIONS = DEBUG;
				SWIFT_OPTIMIZATION_LEVEL = "-Onone";
			};
			name = Debug;
		};
		A435CF6D1EA8AD99006B9A93 /* Release */ = {
			isa = XCBuildConfiguration;
			buildSettings = {
				ALWAYS_SEARCH_USER_PATHS = NO;
				CLANG_ANALYZER_NONNULL = YES;
				CLANG_CXX_LANGUAGE_STANDARD = "gnu++0x";
				CLANG_CXX_LIBRARY = "libc++";
				CLANG_ENABLE_MODULES = YES;
				CLANG_ENABLE_OBJC_ARC = YES;
				CLANG_WARN_BOOL_CONVERSION = YES;
				CLANG_WARN_CONSTANT_CONVERSION = YES;
				CLANG_WARN_DIRECT_OBJC_ISA_USAGE = YES_ERROR;
				CLANG_WARN_DOCUMENTATION_COMMENTS = YES;
				CLANG_WARN_EMPTY_BODY = YES;
				CLANG_WARN_ENUM_CONVERSION = YES;
				CLANG_WARN_INFINITE_RECURSION = YES;
				CLANG_WARN_INT_CONVERSION = YES;
				CLANG_WARN_OBJC_ROOT_CLASS = YES_ERROR;
				CLANG_WARN_SUSPICIOUS_MOVE = YES;
				CLANG_WARN_UNREACHABLE_CODE = YES;
				CLANG_WARN__DUPLICATE_METHOD_MATCH = YES;
				"CODE_SIGN_IDENTITY[sdk=iphoneos*]" = "iPhone Developer";
				COPY_PHASE_STRIP = NO;
				DEBUG_INFORMATION_FORMAT = "dwarf-with-dsym";
				ENABLE_NS_ASSERTIONS = NO;
				ENABLE_STRICT_OBJC_MSGSEND = YES;
				GCC_C_LANGUAGE_STANDARD = gnu99;
				GCC_NO_COMMON_BLOCKS = YES;
				GCC_WARN_64_TO_32_BIT_CONVERSION = YES;
				GCC_WARN_ABOUT_RETURN_TYPE = YES_ERROR;
				GCC_WARN_UNDECLARED_SELECTOR = YES;
				GCC_WARN_UNINITIALIZED_AUTOS = YES_AGGRESSIVE;
				GCC_WARN_UNUSED_FUNCTION = YES;
				GCC_WARN_UNUSED_VARIABLE = YES;
				IPHONEOS_DEPLOYMENT_TARGET = 10.2;
				MTL_ENABLE_DEBUG_INFO = NO;
				SDKROOT = iphoneos;
				SWIFT_OPTIMIZATION_LEVEL = "-Owholemodule";
				VALIDATE_PRODUCT = YES;
			};
			name = Release;
		};
		A435CF6F1EA8AD99006B9A93 /* Debug */ = {
			isa = XCBuildConfiguration;
			buildSettings = {
				ASSETCATALOG_COMPILER_APPICON_NAME = AppIcon;
				INFOPLIST_FILE = Woohoo/Info.plist;
				LD_RUNPATH_SEARCH_PATHS = "$(inherited) @executable_path/Frameworks";
				PRODUCT_BUNDLE_IDENTIFIER = com.BillyBenson.Woohoo;
				PRODUCT_NAME = "$(TARGET_NAME)";
				SWIFT_VERSION = 3.0;
			};
			name = Debug;
		};
		A435CF701EA8AD99006B9A93 /* Release */ = {
			isa = XCBuildConfiguration;
			buildSettings = {
				ASSETCATALOG_COMPILER_APPICON_NAME = AppIcon;
				INFOPLIST_FILE = Woohoo/Info.plist;
				LD_RUNPATH_SEARCH_PATHS = "$(inherited) @executable_path/Frameworks";
				PRODUCT_BUNDLE_IDENTIFIER = com.BillyBenson.Woohoo;
				PRODUCT_NAME = "$(TARGET_NAME)";
				SWIFT_VERSION = 3.0;
			};
			name = Release;
		};
/* End XCBuildConfiguration section */

/* Begin XCConfigurationList section */
		A435CF571EA8AD99006B9A93 /* Build configuration list for PBXProject "Woohoo" */ = {
			isa = XCConfigurationList;
			buildConfigurations = (
				A435CF6C1EA8AD99006B9A93 /* Debug */,
				A435CF6D1EA8AD99006B9A93 /* Release */,
			);
			defaultConfigurationIsVisible = 0;
			defaultConfigurationName = Release;
		};
		A435CF6E1EA8AD99006B9A93 /* Build configuration list for PBXNativeTarget "Woohoo" */ = {
			isa = XCConfigurationList;
			buildConfigurations = (
				A435CF6F1EA8AD99006B9A93 /* Debug */,
				A435CF701EA8AD99006B9A93 /* Release */,
			);
			defaultConfigurationIsVisible = 0;
		};
/* End XCConfigurationList section */
	};
	rootObject = A435CF541EA8AD99006B9A93 /* Project object */;
}
